// !$*UTF8*$!
{
	archiveVersion = 1;
	classes = {
	};
	objectVersion = 46;
	objects = {

/* Begin PBXBuildFile section */
		3FB3C4F81BBC5B61008E4702 /* AppDelegate.swift in Sources */ = {isa = PBXBuildFile; fileRef = 3FB3C4F71BBC5B61008E4702 /* AppDelegate.swift */; };
		3FB3C4FA1BBC5B61008E4702 /* ViewController.swift in Sources */ = {isa = PBXBuildFile; fileRef = 3FB3C4F91BBC5B61008E4702 /* ViewController.swift */; };
		3FB3C4FD1BBC5B61008E4702 /* Main.storyboard in Resources */ = {isa = PBXBuildFile; fileRef = 3FB3C4FB1BBC5B61008E4702 /* Main.storyboard */; };
		3FB3C4FF1BBC5B61008E4702 /* Assets.xcassets in Resources */ = {isa = PBXBuildFile; fileRef = 3FB3C4FE1BBC5B61008E4702 /* Assets.xcassets */; };
		3FB3C5021BBC5B61008E4702 /* LaunchScreen.storyboard in Resources */ = {isa = PBXBuildFile; fileRef = 3FB3C5001BBC5B61008E4702 /* LaunchScreen.storyboard */; };
		3FB3C50D1BBC5B61008E4702 /* LibraryAppTests.swift in Sources */ = {isa = PBXBuildFile; fileRef = 3FB3C50C1BBC5B61008E4702 /* LibraryAppTests.swift */; };
		3FB3C5181BBC5B61008E4702 /* LibraryAppUITests.swift in Sources */ = {isa = PBXBuildFile; fileRef = 3FB3C5171BBC5B61008E4702 /* LibraryAppUITests.swift */; };
		3FB3C52C1BBC7666008E4702 /* Library.swift in Sources */ = {isa = PBXBuildFile; fileRef = 3FB3C52B1BBC7666008E4702 /* Library.swift */; settings = {ASSET_TAGS = (); }; };
		3FB3C52E1BBC7679008E4702 /* Book.swift in Sources */ = {isa = PBXBuildFile; fileRef = 3FB3C52D1BBC7679008E4702 /* Book.swift */; settings = {ASSET_TAGS = (); }; };
/* End PBXBuildFile section */

/* Begin PBXContainerItemProxy section */
		3FB3C5091BBC5B61008E4702 /* PBXContainerItemProxy */ = {
			isa = PBXContainerItemProxy;
			containerPortal = 3FB3C4EC1BBC5B61008E4702 /* Project object */;
			proxyType = 1;
			remoteGlobalIDString = 3FB3C4F31BBC5B61008E4702;
			remoteInfo = LibraryApp;
		};
		3FB3C5141BBC5B61008E4702 /* PBXContainerItemProxy */ = {
			isa = PBXContainerItemProxy;
			containerPortal = 3FB3C4EC1BBC5B61008E4702 /* Project object */;
			proxyType = 1;
			remoteGlobalIDString = 3FB3C4F31BBC5B61008E4702;
			remoteInfo = LibraryApp;
		};
/* End PBXContainerItemProxy section */

/* Begin PBXFileReference section */
		3FB3C4F41BBC5B61008E4702 /* LibraryApp.app */ = {isa = PBXFileReference; explicitFileType = wrapper.application; includeInIndex = 0; path = LibraryApp.app; sourceTree = BUILT_PRODUCTS_DIR; };
		3FB3C4F71BBC5B61008E4702 /* AppDelegate.swift */ = {isa = PBXFileReference; lastKnownFileType = sourcecode.swift; path = AppDelegate.swift; sourceTree = "<group>"; };
		3FB3C4F91BBC5B61008E4702 /* ViewController.swift */ = {isa = PBXFileReference; lastKnownFileType = sourcecode.swift; path = ViewController.swift; sourceTree = "<group>"; };
		3FB3C4FC1BBC5B61008E4702 /* Base */ = {isa = PBXFileReference; lastKnownFileType = file.storyboard; name = Base; path = Base.lproj/Main.storyboard; sourceTree = "<group>"; };
		3FB3C4FE1BBC5B61008E4702 /* Assets.xcassets */ = {isa = PBXFileReference; lastKnownFileType = folder.assetcatalog; path = Assets.xcassets; sourceTree = "<group>"; };
		3FB3C5011BBC5B61008E4702 /* Base */ = {isa = PBXFileReference; lastKnownFileType = file.storyboard; name = Base; path = Base.lproj/LaunchScreen.storyboard; sourceTree = "<group>"; };
		3FB3C5031BBC5B61008E4702 /* Info.plist */ = {isa = PBXFileReference; lastKnownFileType = text.plist.xml; path = Info.plist; sourceTree = "<group>"; };
		3FB3C5081BBC5B61008E4702 /* LibraryAppTests.xctest */ = {isa = PBXFileReference; explicitFileType = wrapper.cfbundle; includeInIndex = 0; path = LibraryAppTests.xctest; sourceTree = BUILT_PRODUCTS_DIR; };
		3FB3C50C1BBC5B61008E4702 /* LibraryAppTests.swift */ = {isa = PBXFileReference; lastKnownFileType = sourcecode.swift; path = LibraryAppTests.swift; sourceTree = "<group>"; };
		3FB3C50E1BBC5B61008E4702 /* Info.plist */ = {isa = PBXFileReference; lastKnownFileType = text.plist.xml; path = Info.plist; sourceTree = "<group>"; };
		3FB3C5131BBC5B61008E4702 /* LibraryAppUITests.xctest */ = {isa = PBXFileReference; explicitFileType = wrapper.cfbundle; includeInIndex = 0; path = LibraryAppUITests.xctest; sourceTree = BUILT_PRODUCTS_DIR; };
		3FB3C5171BBC5B61008E4702 /* LibraryAppUITests.swift */ = {isa = PBXFileReference; lastKnownFileType = sourcecode.swift; path = LibraryAppUITests.swift; sourceTree = "<group>"; };
		3FB3C5191BBC5B61008E4702 /* Info.plist */ = {isa = PBXFileReference; lastKnownFileType = text.plist.xml; path = Info.plist; sourceTree = "<group>"; };
		3FB3C52B1BBC7666008E4702 /* Library.swift */ = {isa = PBXFileReference; fileEncoding = 4; lastKnownFileType = sourcecode.swift; path = Library.swift; sourceTree = "<group>"; };
		3FB3C52D1BBC7679008E4702 /* Book.swift */ = {isa = PBXFileReference; fileEncoding = 4; lastKnownFileType = sourcecode.swift; path = Book.swift; sourceTree = "<group>"; };
/* End PBXFileReference section */

/* Begin PBXFrameworksBuildPhase section */
		3FB3C4F11BBC5B61008E4702 /* Frameworks */ = {
			isa = PBXFrameworksBuildPhase;
			buildActionMask = 2147483647;
			files = (
			);
			runOnlyForDeploymentPostprocessing = 0;
		};
		3FB3C5051BBC5B61008E4702 /* Frameworks */ = {
			isa = PBXFrameworksBuildPhase;
			buildActionMask = 2147483647;
			files = (
			);
			runOnlyForDeploymentPostprocessing = 0;
		};
		3FB3C5101BBC5B61008E4702 /* Frameworks */ = {
			isa = PBXFrameworksBuildPhase;
			buildActionMask = 2147483647;
			files = (
			);
			runOnlyForDeploymentPostprocessing = 0;
		};
/* End PBXFrameworksBuildPhase section */

/* Begin PBXGroup section */
		3FB3C4EB1BBC5B61008E4702 = {
			isa = PBXGroup;
			children = (
				3FB3C4F61BBC5B61008E4702 /* LibraryApp */,
				3FB3C50B1BBC5B61008E4702 /* LibraryAppTests */,
				3FB3C5161BBC5B61008E4702 /* LibraryAppUITests */,
				3FB3C4F51BBC5B61008E4702 /* Products */,
			);
			sourceTree = "<group>";
		};
		3FB3C4F51BBC5B61008E4702 /* Products */ = {
			isa = PBXGroup;
			children = (
				3FB3C4F41BBC5B61008E4702 /* LibraryApp.app */,
				3FB3C5081BBC5B61008E4702 /* LibraryAppTests.xctest */,
				3FB3C5131BBC5B61008E4702 /* LibraryAppUITests.xctest */,
			);
			name = Products;
			sourceTree = "<group>";
		};
		3FB3C4F61BBC5B61008E4702 /* LibraryApp */ = {
			isa = PBXGroup;
			children = (
				3FB3C4F71BBC5B61008E4702 /* AppDelegate.swift */,
				3FB3C4F91BBC5B61008E4702 /* ViewController.swift */,
				3FB3C52B1BBC7666008E4702 /* Library.swift */,
				3FB3C52D1BBC7679008E4702 /* Book.swift */,
				3FB3C4FB1BBC5B61008E4702 /* Main.storyboard */,
				3FB3C4FE1BBC5B61008E4702 /* Assets.xcassets */,
				3FB3C5001BBC5B61008E4702 /* LaunchScreen.storyboard */,
				3FB3C5031BBC5B61008E4702 /* Info.plist */,
			);
			path = LibraryApp;
			sourceTree = "<group>";
		};
		3FB3C50B1BBC5B61008E4702 /* LibraryAppTests */ = {
			isa = PBXGroup;
			children = (
				3FB3C50C1BBC5B61008E4702 /* LibraryAppTests.swift */,
				3FB3C50E1BBC5B61008E4702 /* Info.plist */,
			);
			path = LibraryAppTests;
			sourceTree = "<group>";
		};
		3FB3C5161BBC5B61008E4702 /* LibraryAppUITests */ = {
			isa = PBXGroup;
			children = (
				3FB3C5171BBC5B61008E4702 /* LibraryAppUITests.swift */,
				3FB3C5191BBC5B61008E4702 /* Info.plist */,
			);
			path = LibraryAppUITests;
			sourceTree = "<group>";
		};
/* End PBXGroup section */

/* Begin PBXNativeTarget section */
		3FB3C4F31BBC5B61008E4702 /* LibraryApp */ = {
			isa = PBXNativeTarget;
			buildConfigurationList = 3FB3C51C1BBC5B61008E4702 /* Build configuration list for PBXNativeTarget "LibraryApp" */;
			buildPhases = (
				3FB3C4F01BBC5B61008E4702 /* Sources */,
				3FB3C4F11BBC5B61008E4702 /* Frameworks */,
				3FB3C4F21BBC5B61008E4702 /* Resources */,
			);
			buildRules = (
			);
			dependencies = (
			);
			name = LibraryApp;
			productName = LibraryApp;
			productReference = 3FB3C4F41BBC5B61008E4702 /* LibraryApp.app */;
			productType = "com.apple.product-type.application";
		};
		3FB3C5071BBC5B61008E4702 /* LibraryAppTests */ = {
			isa = PBXNativeTarget;
			buildConfigurationList = 3FB3C51F1BBC5B61008E4702 /* Build configuration list for PBXNativeTarget "LibraryAppTests" */;
			buildPhases = (
				3FB3C5041BBC5B61008E4702 /* Sources */,
				3FB3C5051BBC5B61008E4702 /* Frameworks */,
				3FB3C5061BBC5B61008E4702 /* Resources */,
			);
			buildRules = (
			);
			dependencies = (
				3FB3C50A1BBC5B61008E4702 /* PBXTargetDependency */,
			);
			name = LibraryAppTests;
			productName = LibraryAppTests;
			productReference = 3FB3C5081BBC5B61008E4702 /* LibraryAppTests.xctest */;
			productType = "com.apple.product-type.bundle.unit-test";
		};
		3FB3C5121BBC5B61008E4702 /* LibraryAppUITests */ = {
			isa = PBXNativeTarget;
			buildConfigurationList = 3FB3C5221BBC5B61008E4702 /* Build configuration list for PBXNativeTarget "LibraryAppUITests" */;
			buildPhases = (
				3FB3C50F1BBC5B61008E4702 /* Sources */,
				3FB3C5101BBC5B61008E4702 /* Frameworks */,
				3FB3C5111BBC5B61008E4702 /* Resources */,
			);
			buildRules = (
			);
			dependencies = (
				3FB3C5151BBC5B61008E4702 /* PBXTargetDependency */,
			);
			name = LibraryAppUITests;
			productName = LibraryAppUITests;
			productReference = 3FB3C5131BBC5B61008E4702 /* LibraryAppUITests.xctest */;
			productType = "com.apple.product-type.bundle.ui-testing";
		};
/* End PBXNativeTarget section */

/* Begin PBXProject section */
		3FB3C4EC1BBC5B61008E4702 /* Project object */ = {
			isa = PBXProject;
			attributes = {
				LastUpgradeCheck = 0700;
				ORGANIZATIONNAME = "Craig Carlson";
				TargetAttributes = {
					3FB3C4F31BBC5B61008E4702 = {
						CreatedOnToolsVersion = 7.0;
					};
					3FB3C5071BBC5B61008E4702 = {
						CreatedOnToolsVersion = 7.0;
						TestTargetID = 3FB3C4F31BBC5B61008E4702;
					};
					3FB3C5121BBC5B61008E4702 = {
						CreatedOnToolsVersion = 7.0;
						TestTargetID = 3FB3C4F31BBC5B61008E4702;
					};
				};
			};
			buildConfigurationList = 3FB3C4EF1BBC5B61008E4702 /* Build configuration list for PBXProject "LibraryApp" */;
			compatibilityVersion = "Xcode 3.2";
			developmentRegion = English;
			hasScannedForEncodings = 0;
			knownRegions = (
				en,
				Base,
			);
			mainGroup = 3FB3C4EB1BBC5B61008E4702;
			productRefGroup = 3FB3C4F51BBC5B61008E4702 /* Products */;
			projectDirPath = "";
			projectRoot = "";
			targets = (
				3FB3C4F31BBC5B61008E4702 /* LibraryApp */,
				3FB3C5071BBC5B61008E4702 /* LibraryAppTests */,
				3FB3C5121BBC5B61008E4702 /* LibraryAppUITests */,
			);
		};
/* End PBXProject section */

/* Begin PBXResourcesBuildPhase section */
		3FB3C4F21BBC5B61008E4702 /* Resources */ = {
			isa = PBXResourcesBuildPhase;
			buildActionMask = 2147483647;
			files = (
				3FB3C5021BBC5B61008E4702 /* LaunchScreen.storyboard in Resources */,
				3FB3C4FF1BBC5B61008E4702 /* Assets.xcassets in Resources */,
				3FB3C4FD1BBC5B61008E4702 /* Main.storyboard in Resources */,
			);
			runOnlyForDeploymentPostprocessing = 0;
		};
		3FB3C5061BBC5B61008E4702 /* Resources */ = {
			isa = PBXResourcesBuildPhase;
			buildActionMask = 2147483647;
			files = (
			);
			runOnlyForDeploymentPostprocessing = 0;
		};
		3FB3C5111BBC5B61008E4702 /* Resources */ = {
			isa = PBXResourcesBuildPhase;
			buildActionMask = 2147483647;
			files = (
			);
			runOnlyForDeploymentPostprocessing = 0;
		};
/* End PBXResourcesBuildPhase section */

/* Begin PBXSourcesBuildPhase section */
		3FB3C4F01BBC5B61008E4702 /* Sources */ = {
			isa = PBXSourcesBuildPhase;
			buildActionMask = 2147483647;
			files = (
				3FB3C52E1BBC7679008E4702 /* Book.swift in Sources */,
				3FB3C4FA1BBC5B61008E4702 /* ViewController.swift in Sources */,
				3FB3C4F81BBC5B61008E4702 /* AppDelegate.swift in Sources */,
				3FB3C52C1BBC7666008E4702 /* Library.swift in Sources */,
			);
			runOnlyForDeploymentPostprocessing = 0;
		};
		3FB3C5041BBC5B61008E4702 /* Sources */ = {
			isa = PBXSourcesBuildPhase;
			buildActionMask = 2147483647;
			files = (
				3FB3C50D1BBC5B61008E4702 /* LibraryAppTests.swift in Sources */,
			);
			runOnlyForDeploymentPostprocessing = 0;
		};
		3FB3C50F1BBC5B61008E4702 /* Sources */ = {
			isa = PBXSourcesBuildPhase;
			buildActionMask = 2147483647;
			files = (
				3FB3C5181BBC5B61008E4702 /* LibraryAppUITests.swift in Sources */,
			);
			runOnlyForDeploymentPostprocessing = 0;
		};
/* End PBXSourcesBuildPhase section */

/* Begin PBXTargetDependency section */
		3FB3C50A1BBC5B61008E4702 /* PBXTargetDependency */ = {
			isa = PBXTargetDependency;
			target = 3FB3C4F31BBC5B61008E4702 /* LibraryApp */;
			targetProxy = 3FB3C5091BBC5B61008E4702 /* PBXContainerItemProxy */;
		};
		3FB3C5151BBC5B61008E4702 /* PBXTargetDependency */ = {
			isa = PBXTargetDependency;
			target = 3FB3C4F31BBC5B61008E4702 /* LibraryApp */;
			targetProxy = 3FB3C5141BBC5B61008E4702 /* PBXContainerItemProxy */;
		};
/* End PBXTargetDependency section */

/* Begin PBXVariantGroup section */
		3FB3C4FB1BBC5B61008E4702 /* Main.storyboard */ = {
			isa = PBXVariantGroup;
			children = (
				3FB3C4FC1BBC5B61008E4702 /* Base */,
			);
			name = Main.storyboard;
			sourceTree = "<group>";
		};
		3FB3C5001BBC5B61008E4702 /* LaunchScreen.storyboard */ = {
			isa = PBXVariantGroup;
			children = (
				3FB3C5011BBC5B61008E4702 /* Base */,
			);
			name = LaunchScreen.storyboard;
			sourceTree = "<group>";
		};
/* End PBXVariantGroup section */

/* Begin XCBuildConfiguration section */
		3FB3C51A1BBC5B61008E4702 /* Debug */ = {
			isa = XCBuildConfiguration;
			buildSettings = {
				ALWAYS_SEARCH_USER_PATHS = NO;
				CLANG_CXX_LANGUAGE_STANDARD = "gnu++0x";
				CLANG_CXX_LIBRARY = "libc++";
				CLANG_ENABLE_MODULES = YES;
				CLANG_ENABLE_OBJC_ARC = YES;
				CLANG_WARN_BOOL_CONVERSION = YES;
				CLANG_WARN_CONSTANT_CONVERSION = YES;
				CLANG_WARN_DIRECT_OBJC_ISA_USAGE = YES_ERROR;
				CLANG_WARN_EMPTY_BODY = YES;
				CLANG_WARN_ENUM_CONVERSION = YES;
				CLANG_WARN_INT_CONVERSION = YES;
				CLANG_WARN_OBJC_ROOT_CLASS = YES_ERROR;
				CLANG_WARN_UNREACHABLE_CODE = YES;
				CLANG_WARN__DUPLICATE_METHOD_MATCH = YES;
				"CODE_SIGN_IDENTITY[sdk=iphoneos*]" = "iPhone Developer";
				COPY_PHASE_STRIP = NO;
				DEBUG_INFORMATION_FORMAT = dwarf;
				ENABLE_STRICT_OBJC_MSGSEND = YES;
				ENABLE_TESTABILITY = YES;
				GCC_C_LANGUAGE_STANDARD = gnu99;
				GCC_DYNAMIC_NO_PIC = NO;
				GCC_NO_COMMON_BLOCKS = YES;
				GCC_OPTIMIZATION_LEVEL = 0;
				GCC_PREPROCESSOR_DEFINITIONS = (
					"DEBUG=1",
					"$(inherited)",
				);
				GCC_WARN_64_TO_32_BIT_CONVERSION = YES;
				GCC_WARN_ABOUT_RETURN_TYPE = YES_ERROR;
				GCC_WARN_UNDECLARED_SELECTOR = YES;
				GCC_WARN_UNINITIALIZED_AUTOS = YES_AGGRESSIVE;
				GCC_WARN_UNUSED_FUNCTION = YES;
				GCC_WARN_UNUSED_VARIABLE = YES;
				IPHONEOS_DEPLOYMENT_TARGET = 9.0;
				MTL_ENABLE_DEBUG_INFO = YES;
				ONLY_ACTIVE_ARCH = YES;
				SDKROOT = iphoneos;
				SWIFT_OPTIMIZATION_LEVEL = "-Onone";
			};
			name = Debug;
		};
		3FB3C51B1BBC5B61008E4702 /* Release */ = {
			isa = XCBuildConfiguration;
			buildSettings = {
				ALWAYS_SEARCH_USER_PATHS = NO;
				CLANG_CXX_LANGUAGE_STANDARD = "gnu++0x";
				CLANG_CXX_LIBRARY = "libc++";
				CLANG_ENABLE_MODULES = YES;
				CLANG_ENABLE_OBJC_ARC = YES;
				CLANG_WARN_BOOL_CONVERSION = YES;
				CLANG_WARN_CONSTANT_CONVERSION = YES;
				CLANG_WARN_DIRECT_OBJC_ISA_USAGE = YES_ERROR;
				CLANG_WARN_EMPTY_BODY = YES;
				CLANG_WARN_ENUM_CONVERSION = YES;
				CLANG_WARN_INT_CONVERSION = YES;
				CLANG_WARN_OBJC_ROOT_CLASS = YES_ERROR;
				CLANG_WARN_UNREACHABLE_CODE = YES;
				CLANG_WARN__DUPLICATE_METHOD_MATCH = YES;
				"CODE_SIGN_IDENTITY[sdk=iphoneos*]" = "iPhone Developer";
				COPY_PHASE_STRIP = NO;
				DEBUG_INFORMATION_FORMAT = "dwarf-with-dsym";
				ENABLE_NS_ASSERTIONS = NO;
				ENABLE_STRICT_OBJC_MSGSEND = YES;
				GCC_C_LANGUAGE_STANDARD = gnu99;
				GCC_NO_COMMON_BLOCKS = YES;
				GCC_WARN_64_TO_32_BIT_CONVERSION = YES;
				GCC_WARN_ABOUT_RETURN_TYPE = YES_ERROR;
				GCC_WARN_UNDECLARED_SELECTOR = YES;
				GCC_WARN_UNINITIALIZED_AUTOS = YES_AGGRESSIVE;
				GCC_WARN_UNUSED_FUNCTION = YES;
				GCC_WARN_UNUSED_VARIABLE = YES;
				IPHONEOS_DEPLOYMENT_TARGET = 9.0;
				MTL_ENABLE_DEBUG_INFO = NO;
				SDKROOT = iphoneos;
				VALIDATE_PRODUCT = YES;
			};
			name = Release;
		};
		3FB3C51D1BBC5B61008E4702 /* Debug */ = {
			isa = XCBuildConfiguration;
			buildSettings = {
				ASSETCATALOG_COMPILER_APPICON_NAME = AppIcon;
				INFOPLIST_FILE = LibraryApp/Info.plist;
				LD_RUNPATH_SEARCH_PATHS = "$(inherited) @executable_path/Frameworks";
				PRODUCT_BUNDLE_IDENTIFIER = smokedgouda.LibraryApp;
				PRODUCT_NAME = "$(TARGET_NAME)";
			};
			name = Debug;
		};
		3FB3C51E1BBC5B61008E4702 /* Release */ = {
			isa = XCBuildConfiguration;
			buildSettings = {
				ASSETCATALOG_COMPILER_APPICON_NAME = AppIcon;
				INFOPLIST_FILE = LibraryApp/Info.plist;
				LD_RUNPATH_SEARCH_PATHS = "$(inherited) @executable_path/Frameworks";
				PRODUCT_BUNDLE_IDENTIFIER = smokedgouda.LibraryApp;
				PRODUCT_NAME = "$(TARGET_NAME)";
			};
			name = Release;
		};
		3FB3C5201BBC5B61008E4702 /* Debug */ = {
			isa = XCBuildConfiguration;
			buildSettings = {
				BUNDLE_LOADER = "$(TEST_HOST)";
				INFOPLIST_FILE = LibraryAppTests/Info.plist;
				LD_RUNPATH_SEARCH_PATHS = "$(inherited) @executable_path/Frameworks @loader_path/Frameworks";
				PRODUCT_BUNDLE_IDENTIFIER = smokedgouda.LibraryAppTests;
				PRODUCT_NAME = "$(TARGET_NAME)";
				TEST_HOST = "$(BUILT_PRODUCTS_DIR)/LibraryApp.app/LibraryApp";
			};
			name = Debug;
		};
		3FB3C5211BBC5B61008E4702 /* Release */ = {
			isa = XCBuildConfiguration;
			buildSettings = {
				BUNDLE_LOADER = "$(TEST_HOST)";
				INFOPLIST_FILE = LibraryAppTests/Info.plist;
				LD_RUNPATH_SEARCH_PATHS = "$(inherited) @executable_path/Frameworks @loader_path/Frameworks";
				PRODUCT_BUNDLE_IDENTIFIER = smokedgouda.LibraryAppTests;
				PRODUCT_NAME = "$(TARGET_NAME)";
				TEST_HOST = "$(BUILT_PRODUCTS_DIR)/LibraryApp.app/LibraryApp";
			};
			name = Release;
		};
		3FB3C5231BBC5B61008E4702 /* Debug */ = {
			isa = XCBuildConfiguration;
			buildSettings = {
				INFOPLIST_FILE = LibraryAppUITests/Info.plist;
				LD_RUNPATH_SEARCH_PATHS = "$(inherited) @executable_path/Frameworks @loader_path/Frameworks";
				PRODUCT_BUNDLE_IDENTIFIER = smokedgouda.LibraryAppUITests;
				PRODUCT_NAME = "$(TARGET_NAME)";
				TEST_TARGET_NAME = LibraryApp;
				USES_XCTRUNNER = YES;
			};
			name = Debug;
		};
		3FB3C5241BBC5B61008E4702 /* Release */ = {
			isa = XCBuildConfiguration;
			buildSettings = {
				INFOPLIST_FILE = LibraryAppUITests/Info.plist;
				LD_RUNPATH_SEARCH_PATHS = "$(inherited) @executable_path/Frameworks @loader_path/Frameworks";
				PRODUCT_BUNDLE_IDENTIFIER = smokedgouda.LibraryAppUITests;
				PRODUCT_NAME = "$(TARGET_NAME)";
				TEST_TARGET_NAME = LibraryApp;
				USES_XCTRUNNER = YES;
			};
			name = Release;
		};
/* End XCBuildConfiguration section */

/* Begin XCConfigurationList section */
		3FB3C4EF1BBC5B61008E4702 /* Build configuration list for PBXProject "LibraryApp" */ = {
			isa = XCConfigurationList;
			buildConfigurations = (
				3FB3C51A1BBC5B61008E4702 /* Debug */,
				3FB3C51B1BBC5B61008E4702 /* Release */,
			);
			defaultConfigurationIsVisible = 0;
			defaultConfigurationName = Release;
		};
		3FB3C51C1BBC5B61008E4702 /* Build configuration list for PBXNativeTarget "LibraryApp" */ = {
			isa = XCConfigurationList;
			buildConfigurations = (
				3FB3C51D1BBC5B61008E4702 /* Debug */,
				3FB3C51E1BBC5B61008E4702 /* Release */,
			);
			defaultConfigurationIsVisible = 0;
		};
		3FB3C51F1BBC5B61008E4702 /* Build configuration list for PBXNativeTarget "LibraryAppTests" */ = {
			isa = XCConfigurationList;
			buildConfigurations = (
				3FB3C5201BBC5B61008E4702 /* Debug */,
				3FB3C5211BBC5B61008E4702 /* Release */,
			);
			defaultConfigurationIsVisible = 0;
		};
		3FB3C5221BBC5B61008E4702 /* Build configuration list for PBXNativeTarget "LibraryAppUITests" */ = {
			isa = XCConfigurationList;
			buildConfigurations = (
				3FB3C5231BBC5B61008E4702 /* Debug */,
				3FB3C5241BBC5B61008E4702 /* Release */,
			);
			defaultConfigurationIsVisible = 0;
		};
/* End XCConfigurationList section */
	};
	rootObject = 3FB3C4EC1BBC5B61008E4702 /* Project object */;
}
